// !$*UTF8*$!
{
	archiveVersion = 1;
	classes = {
	};
	objectVersion = 56;
	objects = {

/* Begin PBXBuildFile section */
		B52321AD2B2361C6000232D3 /* ArtistForm.swift in Sources */ = {isa = PBXBuildFile; fileRef = B52321AC2B2361C6000232D3 /* ArtistForm.swift */; };
		B5A4B9272B55B3A100648507 /* ArtistSongsView.swift in Sources */ = {isa = PBXBuildFile; fileRef = B5A4B9262B55B3A100648507 /* ArtistSongsView.swift */; };
		B5A4B9292B55B55100648507 /* SongForm.swift in Sources */ = {isa = PBXBuildFile; fileRef = B5A4B9282B55B55100648507 /* SongForm.swift */; };
		B5ACCF8E2B03A9E500CAB735 /* SongsToPlayApp.swift in Sources */ = {isa = PBXBuildFile; fileRef = B5ACCF8D2B03A9E500CAB735 /* SongsToPlayApp.swift */; };
		B5ACCF902B03A9E500CAB735 /* ContentView.swift in Sources */ = {isa = PBXBuildFile; fileRef = B5ACCF8F2B03A9E500CAB735 /* ContentView.swift */; };
		B5ACCF922B03A9E600CAB735 /* Assets.xcassets in Resources */ = {isa = PBXBuildFile; fileRef = B5ACCF912B03A9E600CAB735 /* Assets.xcassets */; };
		B5ACCF952B03A9E600CAB735 /* Preview Assets.xcassets in Resources */ = {isa = PBXBuildFile; fileRef = B5ACCF942B03A9E600CAB735 /* Preview Assets.xcassets */; };
		B5ACCF9D2B03A9FB00CAB735 /* Song.swift in Sources */ = {isa = PBXBuildFile; fileRef = B5ACCF9C2B03A9FB00CAB735 /* Song.swift */; };
		B5ACCF9F2B03AA3900CAB735 /* Artist.swift in Sources */ = {isa = PBXBuildFile; fileRef = B5ACCF9E2B03AA3900CAB735 /* Artist.swift */; };
		B5ACCFA12B06538700CAB735 /* ArtistsView.swift in Sources */ = {isa = PBXBuildFile; fileRef = B5ACCFA02B06538700CAB735 /* ArtistsView.swift */; };
		B5C76F652B6BDF3D00F19375 /* SongSearchView.swift in Sources */ = {isa = PBXBuildFile; fileRef = B5C76F642B6BDF3D00F19375 /* SongSearchView.swift */; };
		B5C76F672B6BE02300F19375 /* ModelContext+Previews.swift in Sources */ = {isa = PBXBuildFile; fileRef = B5C76F662B6BE02300F19375 /* ModelContext+Previews.swift */; };
/* End PBXBuildFile section */

/* Begin PBXFileReference section */
		B52321AC2B2361C6000232D3 /* ArtistForm.swift */ = {isa = PBXFileReference; lastKnownFileType = sourcecode.swift; path = ArtistForm.swift; sourceTree = "<group>"; };
		B5A4B9262B55B3A100648507 /* ArtistSongsView.swift */ = {isa = PBXFileReference; lastKnownFileType = sourcecode.swift; path = ArtistSongsView.swift; sourceTree = "<group>"; };
		B5A4B9282B55B55100648507 /* SongForm.swift */ = {isa = PBXFileReference; lastKnownFileType = sourcecode.swift; path = SongForm.swift; sourceTree = "<group>"; };
		B5ACCF8A2B03A9E500CAB735 /* SongsToPlay.app */ = {isa = PBXFileReference; explicitFileType = wrapper.application; includeInIndex = 0; path = SongsToPlay.app; sourceTree = BUILT_PRODUCTS_DIR; };
		B5ACCF8D2B03A9E500CAB735 /* SongsToPlayApp.swift */ = {isa = PBXFileReference; lastKnownFileType = sourcecode.swift; path = SongsToPlayApp.swift; sourceTree = "<group>"; };
		B5ACCF8F2B03A9E500CAB735 /* ContentView.swift */ = {isa = PBXFileReference; lastKnownFileType = sourcecode.swift; path = ContentView.swift; sourceTree = "<group>"; };
		B5ACCF912B03A9E600CAB735 /* Assets.xcassets */ = {isa = PBXFileReference; lastKnownFileType = folder.assetcatalog; path = Assets.xcassets; sourceTree = "<group>"; };
		B5ACCF942B03A9E600CAB735 /* Preview Assets.xcassets */ = {isa = PBXFileReference; lastKnownFileType = folder.assetcatalog; path = "Preview Assets.xcassets"; sourceTree = "<group>"; };
		B5ACCF9C2B03A9FB00CAB735 /* Song.swift */ = {isa = PBXFileReference; lastKnownFileType = sourcecode.swift; path = Song.swift; sourceTree = "<group>"; };
		B5ACCF9E2B03AA3900CAB735 /* Artist.swift */ = {isa = PBXFileReference; lastKnownFileType = sourcecode.swift; path = Artist.swift; sourceTree = "<group>"; };
		B5ACCFA02B06538700CAB735 /* ArtistsView.swift */ = {isa = PBXFileReference; lastKnownFileType = sourcecode.swift; path = ArtistsView.swift; sourceTree = "<group>"; };
		B5C76F642B6BDF3D00F19375 /* SongSearchView.swift */ = {isa = PBXFileReference; lastKnownFileType = sourcecode.swift; path = SongSearchView.swift; sourceTree = "<group>"; };
		B5C76F662B6BE02300F19375 /* ModelContext+Previews.swift */ = {isa = PBXFileReference; lastKnownFileType = sourcecode.swift; path = "ModelContext+Previews.swift"; sourceTree = "<group>"; };
/* End PBXFileReference section */

/* Begin PBXFrameworksBuildPhase section */
		B5ACCF872B03A9E500CAB735 /* Frameworks */ = {
			isa = PBXFrameworksBuildPhase;
			buildActionMask = 2147483647;
			files = (
			);
			runOnlyForDeploymentPostprocessing = 0;
		};
/* End PBXFrameworksBuildPhase section */

/* Begin PBXGroup section */
		B5ACCF812B03A9E500CAB735 = {
			isa = PBXGroup;
			children = (
				B5ACCF8C2B03A9E500CAB735 /* SongsToPlay */,
				B5ACCF8B2B03A9E500CAB735 /* Products */,
			);
			sourceTree = "<group>";
		};
		B5ACCF8B2B03A9E500CAB735 /* Products */ = {
			isa = PBXGroup;
			children = (
				B5ACCF8A2B03A9E500CAB735 /* SongsToPlay.app */,
			);
			name = Products;
			sourceTree = "<group>";
		};
		B5ACCF8C2B03A9E500CAB735 /* SongsToPlay */ = {
			isa = PBXGroup;
			children = (
				B5ACCF912B03A9E600CAB735 /* Assets.xcassets */,
				B5ACCF932B03A9E600CAB735 /* Preview Content */,
				B5ACCF9B2B03A9EF00CAB735 /* Models */,
				B5ACCF8D2B03A9E500CAB735 /* SongsToPlayApp.swift */,
				B5ACCF8F2B03A9E500CAB735 /* ContentView.swift */,
				B5ACCFA02B06538700CAB735 /* ArtistsView.swift */,
				B52321AC2B2361C6000232D3 /* ArtistForm.swift */,
				B5A4B9262B55B3A100648507 /* ArtistSongsView.swift */,
				B5A4B9282B55B55100648507 /* SongForm.swift */,
				B5C76F642B6BDF3D00F19375 /* SongSearchView.swift */,
			);
			path = SongsToPlay;
			sourceTree = "<group>";
		};
		B5ACCF932B03A9E600CAB735 /* Preview Content */ = {
			isa = PBXGroup;
			children = (
				B5ACCF942B03A9E600CAB735 /* Preview Assets.xcassets */,
			);
			path = "Preview Content";
			sourceTree = "<group>";
		};
		B5ACCF9B2B03A9EF00CAB735 /* Models */ = {
			isa = PBXGroup;
			children = (
				B5ACCF9C2B03A9FB00CAB735 /* Song.swift */,
				B5ACCF9E2B03AA3900CAB735 /* Artist.swift */,
				B5C76F662B6BE02300F19375 /* ModelContext+Previews.swift */,
			);
			path = Models;
			sourceTree = "<group>";
		};
/* End PBXGroup section */

/* Begin PBXNativeTarget section */
		B5ACCF892B03A9E500CAB735 /* SongsToPlay */ = {
			isa = PBXNativeTarget;
			buildConfigurationList = B5ACCF982B03A9E600CAB735 /* Build configuration list for PBXNativeTarget "SongsToPlay" */;
			buildPhases = (
				B5ACCF862B03A9E500CAB735 /* Sources */,
				B5ACCF872B03A9E500CAB735 /* Frameworks */,
				B5ACCF882B03A9E500CAB735 /* Resources */,
			);
			buildRules = (
			);
			dependencies = (
			);
			name = SongsToPlay;
			productName = SongsToPlay;
			productReference = B5ACCF8A2B03A9E500CAB735 /* SongsToPlay.app */;
			productType = "com.apple.product-type.application";
		};
/* End PBXNativeTarget section */

/* Begin PBXProject section */
		B5ACCF822B03A9E500CAB735 /* Project object */ = {
			isa = PBXProject;
			attributes = {
				BuildIndependentTargetsInParallel = 1;
				LastSwiftUpdateCheck = 1500;
				LastUpgradeCheck = 1500;
				TargetAttributes = {
					B5ACCF892B03A9E500CAB735 = {
						CreatedOnToolsVersion = 15.0.1;
					};
				};
			};
			buildConfigurationList = B5ACCF852B03A9E500CAB735 /* Build configuration list for PBXProject "SongsToPlay" */;
			compatibilityVersion = "Xcode 14.0";
			developmentRegion = en;
			hasScannedForEncodings = 0;
			knownRegions = (
				en,
				Base,
			);
			mainGroup = B5ACCF812B03A9E500CAB735;
			productRefGroup = B5ACCF8B2B03A9E500CAB735 /* Products */;
			projectDirPath = "";
			projectRoot = "";
			targets = (
				B5ACCF892B03A9E500CAB735 /* SongsToPlay */,
			);
		};
/* End PBXProject section */

/* Begin PBXResourcesBuildPhase section */
		B5ACCF882B03A9E500CAB735 /* Resources */ = {
			isa = PBXResourcesBuildPhase;
			buildActionMask = 2147483647;
			files = (
				B5ACCF952B03A9E600CAB735 /* Preview Assets.xcassets in Resources */,
				B5ACCF922B03A9E600CAB735 /* Assets.xcassets in Resources */,
			);
			runOnlyForDeploymentPostprocessing = 0;
		};
/* End PBXResourcesBuildPhase section */

/* Begin PBXSourcesBuildPhase section */
		B5ACCF862B03A9E500CAB735 /* Sources */ = {
			isa = PBXSourcesBuildPhase;
			buildActionMask = 2147483647;
			files = (
				B5C76F652B6BDF3D00F19375 /* SongSearchView.swift in Sources */,
				B52321AD2B2361C6000232D3 /* ArtistForm.swift in Sources */,
				B5ACCF9D2B03A9FB00CAB735 /* Song.swift in Sources */,
				B5ACCF902B03A9E500CAB735 /* ContentView.swift in Sources */,
				B5ACCFA12B06538700CAB735 /* ArtistsView.swift in Sources */,
				B5A4B9292B55B55100648507 /* SongForm.swift in Sources */,
				B5A4B9272B55B3A100648507 /* ArtistSongsView.swift in Sources */,
				B5ACCF9F2B03AA3900CAB735 /* Artist.swift in Sources */,
				B5C76F672B6BE02300F19375 /* ModelContext+Previews.swift in Sources */,
				B5ACCF8E2B03A9E500CAB735 /* SongsToPlayApp.swift in Sources */,
			);
			runOnlyForDeploymentPostprocessing = 0;
		};
/* End PBXSourcesBuildPhase section */

/* Begin XCBuildConfiguration section */
		B5ACCF962B03A9E600CAB735 /* Debug */ = {
			isa = XCBuildConfiguration;
			buildSettings = {
				ALWAYS_SEARCH_USER_PATHS = NO;
				ASSETCATALOG_COMPILER_GENERATE_SWIFT_ASSET_SYMBOL_EXTENSIONS = YES;
				CLANG_ANALYZER_NONNULL = YES;
				CLANG_ANALYZER_NUMBER_OBJECT_CONVERSION = YES_AGGRESSIVE;
				CLANG_CXX_LANGUAGE_STANDARD = "gnu++20";
				CLANG_ENABLE_MODULES = YES;
				CLANG_ENABLE_OBJC_ARC = YES;
				CLANG_ENABLE_OBJC_WEAK = YES;
				CLANG_WARN_BLOCK_CAPTURE_AUTORELEASING = YES;
				CLANG_WARN_BOOL_CONVERSION = YES;
				CLANG_WARN_COMMA = YES;
				CLANG_WARN_CONSTANT_CONVERSION = YES;
				CLANG_WARN_DEPRECATED_OBJC_IMPLEMENTATIONS = YES;
				CLANG_WARN_DIRECT_OBJC_ISA_USAGE = YES_ERROR;
				CLANG_WARN_DOCUMENTATION_COMMENTS = YES;
				CLANG_WARN_EMPTY_BODY = YES;
				CLANG_WARN_ENUM_CONVERSION = YES;
				CLANG_WARN_INFINITE_RECURSION = YES;
				CLANG_WARN_INT_CONVERSION = YES;
				CLANG_WARN_NON_LITERAL_NULL_CONVERSION = YES;
				CLANG_WARN_OBJC_IMPLICIT_RETAIN_SELF = YES;
				CLANG_WARN_OBJC_LITERAL_CONVERSION = YES;
				CLANG_WARN_OBJC_ROOT_CLASS = YES_ERROR;
				CLANG_WARN_QUOTED_INCLUDE_IN_FRAMEWORK_HEADER = YES;
				CLANG_WARN_RANGE_LOOP_ANALYSIS = YES;
				CLANG_WARN_STRICT_PROTOTYPES = YES;
				CLANG_WARN_SUSPICIOUS_MOVE = YES;
				CLANG_WARN_UNGUARDED_AVAILABILITY = YES_AGGRESSIVE;
				CLANG_WARN_UNREACHABLE_CODE = YES;
				CLANG_WARN__DUPLICATE_METHOD_MATCH = YES;
				COPY_PHASE_STRIP = NO;
				DEBUG_INFORMATION_FORMAT = dwarf;
				ENABLE_STRICT_OBJC_MSGSEND = YES;
				ENABLE_TESTABILITY = YES;
				ENABLE_USER_SCRIPT_SANDBOXING = YES;
				GCC_C_LANGUAGE_STANDARD = gnu17;
				GCC_DYNAMIC_NO_PIC = NO;
				GCC_NO_COMMON_BLOCKS = YES;
				GCC_OPTIMIZATION_LEVEL = 0;
				GCC_PREPROCESSOR_DEFINITIONS = (
					"DEBUG=1",
					"$(inherited)",
				);
				GCC_WARN_64_TO_32_BIT_CONVERSION = YES;
				GCC_WARN_ABOUT_RETURN_TYPE = YES_ERROR;
				GCC_WARN_UNDECLARED_SELECTOR = YES;
				GCC_WARN_UNINITIALIZED_AUTOS = YES_AGGRESSIVE;
				GCC_WARN_UNUSED_FUNCTION = YES;
				GCC_WARN_UNUSED_VARIABLE = YES;
				IPHONEOS_DEPLOYMENT_TARGET = 17.0;
				LOCALIZATION_PREFERS_STRING_CATALOGS = YES;
				MTL_ENABLE_DEBUG_INFO = INCLUDE_SOURCE;
				MTL_FAST_MATH = YES;
				ONLY_ACTIVE_ARCH = YES;
				SDKROOT = iphoneos;
				SWIFT_ACTIVE_COMPILATION_CONDITIONS = "DEBUG $(inherited)";
				SWIFT_OPTIMIZATION_LEVEL = "-Onone";
			};
			name = Debug;
		};
		B5ACCF972B03A9E600CAB735 /* Release */ = {
			isa = XCBuildConfiguration;
			buildSettings = {
				ALWAYS_SEARCH_USER_PATHS = NO;
				ASSETCATALOG_COMPILER_GENERATE_SWIFT_ASSET_SYMBOL_EXTENSIONS = YES;
				CLANG_ANALYZER_NONNULL = YES;
				CLANG_ANALYZER_NUMBER_OBJECT_CONVERSION = YES_AGGRESSIVE;
				CLANG_CXX_LANGUAGE_STANDARD = "gnu++20";
				CLANG_ENABLE_MODULES = YES;
				CLANG_ENABLE_OBJC_ARC = YES;
				CLANG_ENABLE_OBJC_WEAK = YES;
				CLANG_WARN_BLOCK_CAPTURE_AUTORELEASING = YES;
				CLANG_WARN_BOOL_CONVERSION = YES;
				CLANG_WARN_COMMA = YES;
				CLANG_WARN_CONSTANT_CONVERSION = YES;
				CLANG_WARN_DEPRECATED_OBJC_IMPLEMENTATIONS = YES;
				CLANG_WARN_DIRECT_OBJC_ISA_USAGE = YES_ERROR;
				CLANG_WARN_DOCUMENTATION_COMMENTS = YES;
				CLANG_WARN_EMPTY_BODY = YES;
				CLANG_WARN_ENUM_CONVERSION = YES;
				CLANG_WARN_INFINITE_RECURSION = YES;
				CLANG_WARN_INT_CONVERSION = YES;
				CLANG_WARN_NON_LITERAL_NULL_CONVERSION = YES;
				CLANG_WARN_OBJC_IMPLICIT_RETAIN_SELF = YES;
				CLANG_WARN_OBJC_LITERAL_CONVERSION = YES;
				CLANG_WARN_OBJC_ROOT_CLASS = YES_ERROR;
				CLANG_WARN_QUOTED_INCLUDE_IN_FRAMEWORK_HEADER = YES;
				CLANG_WARN_RANGE_LOOP_ANALYSIS = YES;
				CLANG_WARN_STRICT_PROTOTYPES = YES;
				CLANG_WARN_SUSPICIOUS_MOVE = YES;
				CLANG_WARN_UNGUARDED_AVAILABILITY = YES_AGGRESSIVE;
				CLANG_WARN_UNREACHABLE_CODE = YES;
				CLANG_WARN__DUPLICATE_METHOD_MATCH = YES;
				COPY_PHASE_STRIP = NO;
				DEBUG_INFORMATION_FORMAT = "dwarf-with-dsym";
				ENABLE_NS_ASSERTIONS = NO;
				ENABLE_STRICT_OBJC_MSGSEND = YES;
				ENABLE_USER_SCRIPT_SANDBOXING = YES;
				GCC_C_LANGUAGE_STANDARD = gnu17;
				GCC_NO_COMMON_BLOCKS = YES;
				GCC_WARN_64_TO_32_BIT_CONVERSION = YES;
				GCC_WARN_ABOUT_RETURN_TYPE = YES_ERROR;
				GCC_WARN_UNDECLARED_SELECTOR = YES;
				GCC_WARN_UNINITIALIZED_AUTOS = YES_AGGRESSIVE;
				GCC_WARN_UNUSED_FUNCTION = YES;
				GCC_WARN_UNUSED_VARIABLE = YES;
				IPHONEOS_DEPLOYMENT_TARGET = 17.0;
				LOCALIZATION_PREFERS_STRING_CATALOGS = YES;
				MTL_ENABLE_DEBUG_INFO = NO;
				MTL_FAST_MATH = YES;
				SDKROOT = iphoneos;
				SWIFT_COMPILATION_MODE = wholemodule;
				VALIDATE_PRODUCT = YES;
			};
			name = Release;
		};
		B5ACCF992B03A9E600CAB735 /* Debug */ = {
			isa = XCBuildConfiguration;
			buildSettings = {
				ASSETCATALOG_COMPILER_APPICON_NAME = AppIcon;
				ASSETCATALOG_COMPILER_GLOBAL_ACCENT_COLOR_NAME = AccentColor;
				CODE_SIGN_STYLE = Automatic;
				CURRENT_PROJECT_VERSION = 1;
				DEVELOPMENT_ASSET_PATHS = "\"SongsToPlay/Preview Content\"";
				DEVELOPMENT_TEAM = C2K3864N2N;
				ENABLE_PREVIEWS = YES;
				GENERATE_INFOPLIST_FILE = YES;
				INFOPLIST_KEY_UIApplicationSceneManifest_Generation = YES;
				INFOPLIST_KEY_UIApplicationSupportsIndirectInputEvents = YES;
				INFOPLIST_KEY_UILaunchScreen_Generation = YES;
				INFOPLIST_KEY_UISupportedInterfaceOrientations_iPad = "UIInterfaceOrientationPortrait UIInterfaceOrientationPortraitUpsideDown UIInterfaceOrientationLandscapeLeft UIInterfaceOrientationLandscapeRight";
				INFOPLIST_KEY_UISupportedInterfaceOrientations_iPhone = "UIInterfaceOrientationPortrait UIInterfaceOrientationLandscapeLeft UIInterfaceOrientationLandscapeRight";
				LD_RUNPATH_SEARCH_PATHS = (
					"$(inherited)",
					"@executable_path/Frameworks",
				);
				MARKETING_VERSION = 1.0;
				PRODUCT_BUNDLE_IDENTIFIER = com.nsscreencast.SongsToPlay;
				PRODUCT_NAME = "$(TARGET_NAME)";
				SWIFT_EMIT_LOC_STRINGS = YES;
				SWIFT_VERSION = 5.0;
				TARGETED_DEVICE_FAMILY = "1,2";
			};
			name = Debug;
		};
		B5ACCF9A2B03A9E600CAB735 /* Release */ = {
			isa = XCBuildConfiguration;
			buildSettings = {
				ASSETCATALOG_COMPILER_APPICON_NAME = AppIcon;
				ASSETCATALOG_COMPILER_GLOBAL_ACCENT_COLOR_NAME = AccentColor;
				CODE_SIGN_STYLE = Automatic;
				CURRENT_PROJECT_VERSION = 1;
				DEVELOPMENT_ASSET_PATHS = "\"SongsToPlay/Preview Content\"";
				DEVELOPMENT_TEAM = C2K3864N2N;
				ENABLE_PREVIEWS = YES;
				GENERATE_INFOPLIST_FILE = YES;
				INFOPLIST_KEY_UIApplicationSceneManifest_Generation = YES;
				INFOPLIST_KEY_UIApplicationSupportsIndirectInputEvents = YES;
				INFOPLIST_KEY_UILaunchScreen_Generation = YES;
				INFOPLIST_KEY_UISupportedInterfaceOrientations_iPad = "UIInterfaceOrientationPortrait UIInterfaceOrientationPortraitUpsideDown UIInterfaceOrientationLandscapeLeft UIInterfaceOrientationLandscapeRight";
				INFOPLIST_KEY_UISupportedInterfaceOrientations_iPhone = "UIInterfaceOrientationPortrait UIInterfaceOrientationLandscapeLeft UIInterfaceOrientationLandscapeRight";
				LD_RUNPATH_SEARCH_PATHS = (
					"$(inherited)",
					"@executable_path/Frameworks",
				);
				MARKETING_VERSION = 1.0;
				PRODUCT_BUNDLE_IDENTIFIER = com.nsscreencast.SongsToPlay;
				PRODUCT_NAME = "$(TARGET_NAME)";
				SWIFT_EMIT_LOC_STRINGS = YES;
				SWIFT_VERSION = 5.0;
				TARGETED_DEVICE_FAMILY = "1,2";
			};
			name = Release;
		};
/* End XCBuildConfiguration section */

/* Begin XCConfigurationList section */
		B5ACCF852B03A9E500CAB735 /* Build configuration list for PBXProject "SongsToPlay" */ = {
			isa = XCConfigurationList;
			buildConfigurations = (
				B5ACCF962B03A9E600CAB735 /* Debug */,
				B5ACCF972B03A9E600CAB735 /* Release */,
			);
			defaultConfigurationIsVisible = 0;
			defaultConfigurationName = Release;
		};
		B5ACCF982B03A9E600CAB735 /* Build configuration list for PBXNativeTarget "SongsToPlay" */ = {
			isa = XCConfigurationList;
			buildConfigurations = (
				B5ACCF992B03A9E600CAB735 /* Debug */,
				B5ACCF9A2B03A9E600CAB735 /* Release */,
			);
			defaultConfigurationIsVisible = 0;
			defaultConfigurationName = Release;
		};
/* End XCConfigurationList section */
	};
	rootObject = B5ACCF822B03A9E500CAB735 /* Project object */;
}
